
Microsoft Visual Studio Solution File, Format Version 12.00
# Visual Studio Version 16
VisualStudioVersion = 16.0.29020.237
MinimumVisualStudioVersion = 10.0.40219.1
Project("{FAE04EC0-301F-11D3-BF4B-00C04F79EFBC}") = "Sandbox", "Sandbox\Sandbox.csproj", "{543A2F24-BA5E-4433-8958-785D4B0F2DF1}"
EndProject
Global
	GlobalSection(SolutionConfigurationPlatforms) = preSolution
		Debug|Any CPU = Debug|Any CPU
		Release|Any CPU = Release|Any CPU
	EndGlobalSection
	GlobalSection(ProjectConfigurationPlatforms) = postSolution
		{543A2F24-BA5E-4433-8958-785D4B0F2DF1}.Debug|Any CPU.ActiveCfg = Debug|Any CPU
		{543A2F24-BA5E-4433-8958-785D4B0F2DF1}.Debug|Any CPU.Build.0 = Debug|Any CPU
		{543A2F24-BA5E-4433-8958-785D4B0F2DF1}.Release|Any CPU.ActiveCfg = Release|Any CPU
		{543A2F24-BA5E-4433-8958-785D4B0F2DF1}.Release|Any CPU.Build.0 = Release|Any CPU
	EndGlobalSection
	GlobalSection(SolutionProperties) = preSolution
		HideSolutionNode = FALSE
	EndGlobalSection
	GlobalSection(ExtensibilityGlobals) = postSolution
		SolutionGuid = {51B384F7-6FD2-4DCB-AB05-1558F0BF8D87}
	EndGlobalSection
EndGlobal
